
Microsoft Visual Studio Solution File, Format Version 12.00
# Visual Studio Version 17
VisualStudioVersion = 17.13.35919.96 d17.13
MinimumVisualStudioVersion = 10.0.40219.1
Project("{FAE04EC0-301F-11D3-BF4B-00C04F79EFBC}") = "MunicipalityManagementSystemV2", "MunicipalityManagementSystemV2.csproj", "{B7D5A073-5A70-4FB0-9B00-120687E3C309}"
EndProject
Project("{FAE04EC0-301F-11D3-BF4B-00C04F79EFBC}") = "Unit Testing MM_System", "..\Unit Testing MM_System\Unit Testing MM_System.csproj", "{56601DEF-DAC8-44B7-8E1E-B6638B82440F}"
EndProject
Global
	GlobalSection(SolutionConfigurationPlatforms) = preSolution
		Debug|Any CPU = Debug|Any CPU
		Release|Any CPU = Release|Any CPU
	EndGlobalSection
	GlobalSection(ProjectConfigurationPlatforms) = postSolution
		{B7D5A073-5A70-4FB0-9B00-120687E3C309}.Debug|Any CPU.ActiveCfg = Debug|Any CPU
		{B7D5A073-5A70-4FB0-9B00-120687E3C309}.Debug|Any CPU.Build.0 = Debug|Any CPU
		{B7D5A073-5A70-4FB0-9B00-120687E3C309}.Release|Any CPU.ActiveCfg = Release|Any CPU
		{B7D5A073-5A70-4FB0-9B00-120687E3C309}.Release|Any CPU.Build.0 = Release|Any CPU
		{56601DEF-DAC8-44B7-8E1E-B6638B82440F}.Debug|Any CPU.ActiveCfg = Debug|Any CPU
		{56601DEF-DAC8-44B7-8E1E-B6638B82440F}.Debug|Any CPU.Build.0 = Debug|Any CPU
		{56601DEF-DAC8-44B7-8E1E-B6638B82440F}.Release|Any CPU.ActiveCfg = Release|Any CPU
		{56601DEF-DAC8-44B7-8E1E-B6638B82440F}.Release|Any CPU.Build.0 = Release|Any CPU
	EndGlobalSection
	GlobalSection(SolutionProperties) = preSolution
		HideSolutionNode = FALSE
	EndGlobalSection
	GlobalSection(ExtensibilityGlobals) = postSolution
		SolutionGuid = {2675C491-4808-4F61-89AF-74E8CBFA9A40}
	EndGlobalSection
EndGlobal
